// !$*UTF8*$!
{
	archiveVersion = 1;
	classes = {
	};
	objectVersion = 51;
	objects = {

/* Begin PBXBuildFile section */
		75195816FD069D5130FAE3AC /* Pods_FIXIT_CO_FIXIT_COUITests.framework in Frameworks */ = {isa = PBXBuildFile; fileRef = 4EEA3E8E885CBA3BBF9F538A /* Pods_FIXIT_CO_FIXIT_COUITests.framework */; };
		8C4E96CB810F35C070A854CF /* Pods_FIXIT_CO.framework in Frameworks */ = {isa = PBXBuildFile; fileRef = B63BEC4FE0C265BDBCB07798 /* Pods_FIXIT_CO.framework */; };
		9AD598E1DEFF5028FEF20325 /* Pods_FIXIT_COTests.framework in Frameworks */ = {isa = PBXBuildFile; fileRef = CB7732DA4F8235A677A72B05 /* Pods_FIXIT_COTests.framework */; };
		DD13E95A25FA4EAD00D1A07E /* AppDelegate.swift in Sources */ = {isa = PBXBuildFile; fileRef = DD13E95925FA4EAD00D1A07E /* AppDelegate.swift */; };
		DD13E95C25FA4EAD00D1A07E /* SceneDelegate.swift in Sources */ = {isa = PBXBuildFile; fileRef = DD13E95B25FA4EAD00D1A07E /* SceneDelegate.swift */; };
		DD13E95E25FA4EAD00D1A07E /* HomeViewController.swift in Sources */ = {isa = PBXBuildFile; fileRef = DD13E95D25FA4EAD00D1A07E /* HomeViewController.swift */; };
		DD13E96125FA4EAD00D1A07E /* Main.storyboard in Resources */ = {isa = PBXBuildFile; fileRef = DD13E95F25FA4EAD00D1A07E /* Main.storyboard */; };
		DD13E96325FA4EB200D1A07E /* Assets.xcassets in Resources */ = {isa = PBXBuildFile; fileRef = DD13E96225FA4EB200D1A07E /* Assets.xcassets */; };
		DD13E96625FA4EB200D1A07E /* LaunchScreen.storyboard in Resources */ = {isa = PBXBuildFile; fileRef = DD13E96425FA4EB200D1A07E /* LaunchScreen.storyboard */; };
		DD13E97125FA4EB300D1A07E /* FIXIT_COTests.swift in Sources */ = {isa = PBXBuildFile; fileRef = DD13E97025FA4EB300D1A07E /* FIXIT_COTests.swift */; };
		DD13E97C25FA4EB300D1A07E /* FIXIT_COUITests.swift in Sources */ = {isa = PBXBuildFile; fileRef = DD13E97B25FA4EB300D1A07E /* FIXIT_COUITests.swift */; };
		DD13E99825FA516000D1A07E /* ExploreViewController.swift in Sources */ = {isa = PBXBuildFile; fileRef = DD13E99725FA516000D1A07E /* ExploreViewController.swift */; };
		DD13E99D25FA51B900D1A07E /* MyWorkersViewController.swift in Sources */ = {isa = PBXBuildFile; fileRef = DD13E99C25FA51B900D1A07E /* MyWorkersViewController.swift */; };
		DD13E9A225FA51EB00D1A07E /* ProfileViewController.swift in Sources */ = {isa = PBXBuildFile; fileRef = DD13E9A125FA51EB00D1A07E /* ProfileViewController.swift */; };
		DD13E9AD25FA52C200D1A07E /* LoginViewController.swift in Sources */ = {isa = PBXBuildFile; fileRef = DD13E9AC25FA52C200D1A07E /* LoginViewController.swift */; };
		DD13E9B525FA52D500D1A07E /* RegistrationViewController.swift in Sources */ = {isa = PBXBuildFile; fileRef = DD13E9B425FA52D500D1A07E /* RegistrationViewController.swift */; };
		DD13E9BA25FA531200D1A07E /* PostViewController.swift in Sources */ = {isa = PBXBuildFile; fileRef = DD13E9B925FA531200D1A07E /* PostViewController.swift */; };
		DD13E9BF25FA533500D1A07E /* EditProfileViewController.swift in Sources */ = {isa = PBXBuildFile; fileRef = DD13E9BE25FA533500D1A07E /* EditProfileViewController.swift */; };
		DD13E9C425FA535A00D1A07E /* SettingsViewController.swift in Sources */ = {isa = PBXBuildFile; fileRef = DD13E9C325FA535A00D1A07E /* SettingsViewController.swift */; };
		DD13E9C925FA538C00D1A07E /* SearchViewController.swift in Sources */ = {isa = PBXBuildFile; fileRef = DD13E9C825FA538C00D1A07E /* SearchViewController.swift */; };
		DD13E9CE25FA53A200D1A07E /* SearchResultViewController.swift in Sources */ = {isa = PBXBuildFile; fileRef = DD13E9CD25FA53A200D1A07E /* SearchResultViewController.swift */; };
		DD9EB72525FA99FC004DD922 /* GoogleService-Info.plist in Resources */ = {isa = PBXBuildFile; fileRef = DD9EB72425FA99FC004DD922 /* GoogleService-Info.plist */; };
		DD9EB72E25FAA0B0004DD922 /* DatabseManager.swift in Sources */ = {isa = PBXBuildFile; fileRef = DD9EB72D25FAA0B0004DD922 /* DatabseManager.swift */; };
		DD9EB73325FAA23D004DD922 /* AuthManager.swift in Sources */ = {isa = PBXBuildFile; fileRef = DD9EB73225FAA23D004DD922 /* AuthManager.swift */; };
		DD9EB73825FAA2A8004DD922 /* StorageManager.swift in Sources */ = {isa = PBXBuildFile; fileRef = DD9EB73725FAA2A8004DD922 /* StorageManager.swift */; };
		DD9EB75825FABBD5004DD922 /* Extensions.swift in Sources */ = {isa = PBXBuildFile; fileRef = DD9EB75725FABBD5004DD922 /* Extensions.swift */; };
/* End PBXBuildFile section */

/* Begin PBXContainerItemProxy section */
		DD13E96D25FA4EB300D1A07E /* PBXContainerItemProxy */ = {
			isa = PBXContainerItemProxy;
			containerPortal = DD13E94E25FA4EAD00D1A07E /* Project object */;
			proxyType = 1;
			remoteGlobalIDString = DD13E95525FA4EAD00D1A07E;
			remoteInfo = FIXIT.CO;
		};
		DD13E97825FA4EB300D1A07E /* PBXContainerItemProxy */ = {
			isa = PBXContainerItemProxy;
			containerPortal = DD13E94E25FA4EAD00D1A07E /* Project object */;
			proxyType = 1;
			remoteGlobalIDString = DD13E95525FA4EAD00D1A07E;
			remoteInfo = FIXIT.CO;
		};
/* End PBXContainerItemProxy section */

/* Begin PBXFileReference section */
		14B08B23CE89D46F3ED008CF /* Pods-FIXIT.CO.release.xcconfig */ = {isa = PBXFileReference; includeInIndex = 1; lastKnownFileType = text.xcconfig; name = "Pods-FIXIT.CO.release.xcconfig"; path = "Target Support Files/Pods-FIXIT.CO/Pods-FIXIT.CO.release.xcconfig"; sourceTree = "<group>"; };
		4EEA3E8E885CBA3BBF9F538A /* Pods_FIXIT_CO_FIXIT_COUITests.framework */ = {isa = PBXFileReference; explicitFileType = wrapper.framework; includeInIndex = 0; path = Pods_FIXIT_CO_FIXIT_COUITests.framework; sourceTree = BUILT_PRODUCTS_DIR; };
		9E1DEAC8C949E728BF6300ED /* Pods-FIXIT.CO-FIXIT.COUITests.debug.xcconfig */ = {isa = PBXFileReference; includeInIndex = 1; lastKnownFileType = text.xcconfig; name = "Pods-FIXIT.CO-FIXIT.COUITests.debug.xcconfig"; path = "Target Support Files/Pods-FIXIT.CO-FIXIT.COUITests/Pods-FIXIT.CO-FIXIT.COUITests.debug.xcconfig"; sourceTree = "<group>"; };
		A458AB4364C8A8DEED2CAA2E /* Pods-FIXIT.CO.debug.xcconfig */ = {isa = PBXFileReference; includeInIndex = 1; lastKnownFileType = text.xcconfig; name = "Pods-FIXIT.CO.debug.xcconfig"; path = "Target Support Files/Pods-FIXIT.CO/Pods-FIXIT.CO.debug.xcconfig"; sourceTree = "<group>"; };
		AB9DED60C89BD4FFD0D5669A /* Pods-FIXIT.COTests.release.xcconfig */ = {isa = PBXFileReference; includeInIndex = 1; lastKnownFileType = text.xcconfig; name = "Pods-FIXIT.COTests.release.xcconfig"; path = "Target Support Files/Pods-FIXIT.COTests/Pods-FIXIT.COTests.release.xcconfig"; sourceTree = "<group>"; };
		B63BEC4FE0C265BDBCB07798 /* Pods_FIXIT_CO.framework */ = {isa = PBXFileReference; explicitFileType = wrapper.framework; includeInIndex = 0; path = Pods_FIXIT_CO.framework; sourceTree = BUILT_PRODUCTS_DIR; };
		CB7732DA4F8235A677A72B05 /* Pods_FIXIT_COTests.framework */ = {isa = PBXFileReference; explicitFileType = wrapper.framework; includeInIndex = 0; path = Pods_FIXIT_COTests.framework; sourceTree = BUILT_PRODUCTS_DIR; };
		D89D309CB4F20B3CF1403E9F /* Pods-FIXIT.COTests.debug.xcconfig */ = {isa = PBXFileReference; includeInIndex = 1; lastKnownFileType = text.xcconfig; name = "Pods-FIXIT.COTests.debug.xcconfig"; path = "Target Support Files/Pods-FIXIT.COTests/Pods-FIXIT.COTests.debug.xcconfig"; sourceTree = "<group>"; };
		DD13E95625FA4EAD00D1A07E /* FIXIT.CO.app */ = {isa = PBXFileReference; explicitFileType = wrapper.application; includeInIndex = 0; path = FIXIT.CO.app; sourceTree = BUILT_PRODUCTS_DIR; };
		DD13E95925FA4EAD00D1A07E /* AppDelegate.swift */ = {isa = PBXFileReference; lastKnownFileType = sourcecode.swift; path = AppDelegate.swift; sourceTree = "<group>"; };
		DD13E95B25FA4EAD00D1A07E /* SceneDelegate.swift */ = {isa = PBXFileReference; lastKnownFileType = sourcecode.swift; path = SceneDelegate.swift; sourceTree = "<group>"; };
		DD13E95D25FA4EAD00D1A07E /* HomeViewController.swift */ = {isa = PBXFileReference; lastKnownFileType = sourcecode.swift; path = HomeViewController.swift; sourceTree = "<group>"; };
		DD13E96025FA4EAD00D1A07E /* Base */ = {isa = PBXFileReference; lastKnownFileType = file.storyboard; name = Base; path = Base.lproj/Main.storyboard; sourceTree = "<group>"; };
		DD13E96225FA4EB200D1A07E /* Assets.xcassets */ = {isa = PBXFileReference; lastKnownFileType = folder.assetcatalog; path = Assets.xcassets; sourceTree = "<group>"; };
		DD13E96525FA4EB200D1A07E /* Base */ = {isa = PBXFileReference; lastKnownFileType = file.storyboard; name = Base; path = Base.lproj/LaunchScreen.storyboard; sourceTree = "<group>"; };
		DD13E96725FA4EB200D1A07E /* Info.plist */ = {isa = PBXFileReference; lastKnownFileType = text.plist.xml; path = Info.plist; sourceTree = "<group>"; };
		DD13E96C25FA4EB300D1A07E /* FIXIT.COTests.xctest */ = {isa = PBXFileReference; explicitFileType = wrapper.cfbundle; includeInIndex = 0; path = FIXIT.COTests.xctest; sourceTree = BUILT_PRODUCTS_DIR; };
		DD13E97025FA4EB300D1A07E /* FIXIT_COTests.swift */ = {isa = PBXFileReference; lastKnownFileType = sourcecode.swift; path = FIXIT_COTests.swift; sourceTree = "<group>"; };
		DD13E97225FA4EB300D1A07E /* Info.plist */ = {isa = PBXFileReference; lastKnownFileType = text.plist.xml; path = Info.plist; sourceTree = "<group>"; };
		DD13E97725FA4EB300D1A07E /* FIXIT.COUITests.xctest */ = {isa = PBXFileReference; explicitFileType = wrapper.cfbundle; includeInIndex = 0; path = FIXIT.COUITests.xctest; sourceTree = BUILT_PRODUCTS_DIR; };
		DD13E97B25FA4EB300D1A07E /* FIXIT_COUITests.swift */ = {isa = PBXFileReference; lastKnownFileType = sourcecode.swift; path = FIXIT_COUITests.swift; sourceTree = "<group>"; };
		DD13E97D25FA4EB300D1A07E /* Info.plist */ = {isa = PBXFileReference; lastKnownFileType = text.plist.xml; path = Info.plist; sourceTree = "<group>"; };
		DD13E99725FA516000D1A07E /* ExploreViewController.swift */ = {isa = PBXFileReference; lastKnownFileType = sourcecode.swift; path = ExploreViewController.swift; sourceTree = "<group>"; };
		DD13E99C25FA51B900D1A07E /* MyWorkersViewController.swift */ = {isa = PBXFileReference; lastKnownFileType = sourcecode.swift; path = MyWorkersViewController.swift; sourceTree = "<group>"; };
		DD13E9A125FA51EB00D1A07E /* ProfileViewController.swift */ = {isa = PBXFileReference; lastKnownFileType = sourcecode.swift; path = ProfileViewController.swift; sourceTree = "<group>"; };
		DD13E9AC25FA52C200D1A07E /* LoginViewController.swift */ = {isa = PBXFileReference; lastKnownFileType = sourcecode.swift; path = LoginViewController.swift; sourceTree = "<group>"; };
		DD13E9B425FA52D500D1A07E /* RegistrationViewController.swift */ = {isa = PBXFileReference; lastKnownFileType = sourcecode.swift; path = RegistrationViewController.swift; sourceTree = "<group>"; };
		DD13E9B925FA531200D1A07E /* PostViewController.swift */ = {isa = PBXFileReference; lastKnownFileType = sourcecode.swift; path = PostViewController.swift; sourceTree = "<group>"; };
		DD13E9BE25FA533500D1A07E /* EditProfileViewController.swift */ = {isa = PBXFileReference; lastKnownFileType = sourcecode.swift; path = EditProfileViewController.swift; sourceTree = "<group>"; };
		DD13E9C325FA535A00D1A07E /* SettingsViewController.swift */ = {isa = PBXFileReference; lastKnownFileType = sourcecode.swift; path = SettingsViewController.swift; sourceTree = "<group>"; };
		DD13E9C825FA538C00D1A07E /* SearchViewController.swift */ = {isa = PBXFileReference; lastKnownFileType = sourcecode.swift; path = SearchViewController.swift; sourceTree = "<group>"; };
		DD13E9CD25FA53A200D1A07E /* SearchResultViewController.swift */ = {isa = PBXFileReference; lastKnownFileType = sourcecode.swift; path = SearchResultViewController.swift; sourceTree = "<group>"; };
		DD9EB72425FA99FC004DD922 /* GoogleService-Info.plist */ = {isa = PBXFileReference; fileEncoding = 4; lastKnownFileType = text.plist.xml; path = "GoogleService-Info.plist"; sourceTree = "<group>"; };
		DD9EB72D25FAA0B0004DD922 /* DatabseManager.swift */ = {isa = PBXFileReference; lastKnownFileType = sourcecode.swift; path = DatabseManager.swift; sourceTree = "<group>"; };
		DD9EB73225FAA23D004DD922 /* AuthManager.swift */ = {isa = PBXFileReference; lastKnownFileType = sourcecode.swift; path = AuthManager.swift; sourceTree = "<group>"; };
		DD9EB73725FAA2A8004DD922 /* StorageManager.swift */ = {isa = PBXFileReference; lastKnownFileType = sourcecode.swift; path = StorageManager.swift; sourceTree = "<group>"; };
		DD9EB75725FABBD5004DD922 /* Extensions.swift */ = {isa = PBXFileReference; lastKnownFileType = sourcecode.swift; path = Extensions.swift; sourceTree = "<group>"; };
		E1A23AFA026EE8AA422F4ED3 /* Pods-FIXIT.CO-FIXIT.COUITests.release.xcconfig */ = {isa = PBXFileReference; includeInIndex = 1; lastKnownFileType = text.xcconfig; name = "Pods-FIXIT.CO-FIXIT.COUITests.release.xcconfig"; path = "Target Support Files/Pods-FIXIT.CO-FIXIT.COUITests/Pods-FIXIT.CO-FIXIT.COUITests.release.xcconfig"; sourceTree = "<group>"; };
/* End PBXFileReference section */

/* Begin PBXFrameworksBuildPhase section */
		DD13E95325FA4EAD00D1A07E /* Frameworks */ = {
			isa = PBXFrameworksBuildPhase;
			buildActionMask = 2147483647;
			files = (
				8C4E96CB810F35C070A854CF /* Pods_FIXIT_CO.framework in Frameworks */,
			);
			runOnlyForDeploymentPostprocessing = 0;
		};
		DD13E96925FA4EB300D1A07E /* Frameworks */ = {
			isa = PBXFrameworksBuildPhase;
			buildActionMask = 2147483647;
			files = (
				9AD598E1DEFF5028FEF20325 /* Pods_FIXIT_COTests.framework in Frameworks */,
			);
			runOnlyForDeploymentPostprocessing = 0;
		};
		DD13E97425FA4EB300D1A07E /* Frameworks */ = {
			isa = PBXFrameworksBuildPhase;
			buildActionMask = 2147483647;
			files = (
				75195816FD069D5130FAE3AC /* Pods_FIXIT_CO_FIXIT_COUITests.framework in Frameworks */,
			);
			runOnlyForDeploymentPostprocessing = 0;
		};
/* End PBXFrameworksBuildPhase section */

/* Begin PBXGroup section */
		185521ADEC563B20E7A35956 /* Pods */ = {
			isa = PBXGroup;
			children = (
				A458AB4364C8A8DEED2CAA2E /* Pods-FIXIT.CO.debug.xcconfig */,
				14B08B23CE89D46F3ED008CF /* Pods-FIXIT.CO.release.xcconfig */,
				9E1DEAC8C949E728BF6300ED /* Pods-FIXIT.CO-FIXIT.COUITests.debug.xcconfig */,
				E1A23AFA026EE8AA422F4ED3 /* Pods-FIXIT.CO-FIXIT.COUITests.release.xcconfig */,
				D89D309CB4F20B3CF1403E9F /* Pods-FIXIT.COTests.debug.xcconfig */,
				AB9DED60C89BD4FFD0D5669A /* Pods-FIXIT.COTests.release.xcconfig */,
			);
			path = Pods;
			sourceTree = "<group>";
		};
		C70C7E172C57B2C6C559286E /* Frameworks */ = {
			isa = PBXGroup;
			children = (
				B63BEC4FE0C265BDBCB07798 /* Pods_FIXIT_CO.framework */,
				4EEA3E8E885CBA3BBF9F538A /* Pods_FIXIT_CO_FIXIT_COUITests.framework */,
				CB7732DA4F8235A677A72B05 /* Pods_FIXIT_COTests.framework */,
			);
			name = Frameworks;
			sourceTree = "<group>";
		};
		DD13E94D25FA4EAD00D1A07E = {
			isa = PBXGroup;
			children = (
				DD13E95825FA4EAD00D1A07E /* FIXIT.CO */,
				DD13E96F25FA4EB300D1A07E /* FIXIT.COTests */,
				DD13E97A25FA4EB300D1A07E /* FIXIT.COUITests */,
				DD13E95725FA4EAD00D1A07E /* Products */,
				185521ADEC563B20E7A35956 /* Pods */,
				C70C7E172C57B2C6C559286E /* Frameworks */,
			);
			sourceTree = "<group>";
		};
		DD13E95725FA4EAD00D1A07E /* Products */ = {
			isa = PBXGroup;
			children = (
				DD13E95625FA4EAD00D1A07E /* FIXIT.CO.app */,
				DD13E96C25FA4EB300D1A07E /* FIXIT.COTests.xctest */,
				DD13E97725FA4EB300D1A07E /* FIXIT.COUITests.xctest */,
			);
			name = Products;
			sourceTree = "<group>";
		};
		DD13E95825FA4EAD00D1A07E /* FIXIT.CO */ = {
			isa = PBXGroup;
			children = (
				DD13E98F25FA4F4800D1A07E /* Resources */,
				DD13E98E25FA4F3E00D1A07E /* Models */,
				DD13E98D25FA4F3400D1A07E /* Views */,
				DD13E98C25FA4F2600D1A07E /* Controllers */,
				DD13E96725FA4EB200D1A07E /* Info.plist */,
			);
			path = FIXIT.CO;
			sourceTree = "<group>";
		};
		DD13E96F25FA4EB300D1A07E /* FIXIT.COTests */ = {
			isa = PBXGroup;
			children = (
				DD13E97025FA4EB300D1A07E /* FIXIT_COTests.swift */,
				DD13E97225FA4EB300D1A07E /* Info.plist */,
			);
			path = FIXIT.COTests;
			sourceTree = "<group>";
		};
		DD13E97A25FA4EB300D1A07E /* FIXIT.COUITests */ = {
			isa = PBXGroup;
			children = (
				DD13E97B25FA4EB300D1A07E /* FIXIT_COUITests.swift */,
				DD13E97D25FA4EB300D1A07E /* Info.plist */,
			);
			path = FIXIT.COUITests;
			sourceTree = "<group>";
		};
		DD13E98C25FA4F2600D1A07E /* Controllers */ = {
			isa = PBXGroup;
			children = (
				DD13E9AA25FA529C00D1A07E /* Other */,
				DD13E9A625FA523E00D1A07E /* CoreTabs */,
			);
			path = Controllers;
			sourceTree = "<group>";
		};
		DD13E98D25FA4F3400D1A07E /* Views */ = {
			isa = PBXGroup;
			children = (
				DD13E96225FA4EB200D1A07E /* Assets.xcassets */,
				DD13E99325FA504100D1A07E /* Storyboards */,
			);
			path = Views;
			sourceTree = "<group>";
		};
		DD13E98E25FA4F3E00D1A07E /* Models */ = {
			isa = PBXGroup;
			children = (
			);
			path = Models;
			sourceTree = "<group>";
		};
		DD13E98F25FA4F4800D1A07E /* Resources */ = {
			isa = PBXGroup;
			children = (
				DD9EB72425FA99FC004DD922 /* GoogleService-Info.plist */,
				DD13E95925FA4EAD00D1A07E /* AppDelegate.swift */,
				DD13E95B25FA4EAD00D1A07E /* SceneDelegate.swift */,
				DD9EB72D25FAA0B0004DD922 /* DatabseManager.swift */,
				DD9EB73225FAA23D004DD922 /* AuthManager.swift */,
				DD9EB73725FAA2A8004DD922 /* StorageManager.swift */,
				DD9EB75725FABBD5004DD922 /* Extensions.swift */,
			);
			path = Resources;
			sourceTree = "<group>";
		};
		DD13E99325FA504100D1A07E /* Storyboards */ = {
			isa = PBXGroup;
			children = (
				DD13E95F25FA4EAD00D1A07E /* Main.storyboard */,
				DD13E96425FA4EB200D1A07E /* LaunchScreen.storyboard */,
			);
			path = Storyboards;
			sourceTree = "<group>";
		};
		DD13E9A625FA523E00D1A07E /* CoreTabs */ = {
			isa = PBXGroup;
			children = (
				DD13E95D25FA4EAD00D1A07E /* HomeViewController.swift */,
				DD13E99725FA516000D1A07E /* ExploreViewController.swift */,
				DD13E99C25FA51B900D1A07E /* MyWorkersViewController.swift */,
				DD13E9A125FA51EB00D1A07E /* ProfileViewController.swift */,
			);
			path = CoreTabs;
			sourceTree = "<group>";
		};
		DD13E9AA25FA529C00D1A07E /* Other */ = {
			isa = PBXGroup;
			children = (
				DD13E9AB25FA52AB00D1A07E /* Onboarding */,
				DD9EB72925FA9F9D004DD922 /* General */,
			);
			path = Other;
			sourceTree = "<group>";
		};
		DD13E9AB25FA52AB00D1A07E /* Onboarding */ = {
			isa = PBXGroup;
			children = (
				DD13E9AC25FA52C200D1A07E /* LoginViewController.swift */,
				DD13E9B425FA52D500D1A07E /* RegistrationViewController.swift */,
			);
			path = Onboarding;
			sourceTree = "<group>";
		};
		DD9EB72925FA9F9D004DD922 /* General */ = {
			isa = PBXGroup;
			children = (
				DD13E9B925FA531200D1A07E /* PostViewController.swift */,
				DD13E9BE25FA533500D1A07E /* EditProfileViewController.swift */,
				DD13E9C325FA535A00D1A07E /* SettingsViewController.swift */,
				DD13E9C825FA538C00D1A07E /* SearchViewController.swift */,
				DD13E9CD25FA53A200D1A07E /* SearchResultViewController.swift */,
			);
			path = General;
			sourceTree = "<group>";
		};
/* End PBXGroup section */

/* Begin PBXNativeTarget section */
		DD13E95525FA4EAD00D1A07E /* FIXIT.CO */ = {
			isa = PBXNativeTarget;
			buildConfigurationList = DD13E98025FA4EB300D1A07E /* Build configuration list for PBXNativeTarget "FIXIT.CO" */;
			buildPhases = (
				B40BEEFBE4F33C45FAE0EFB8 /* [CP] Check Pods Manifest.lock */,
				DD13E95225FA4EAD00D1A07E /* Sources */,
				DD13E95325FA4EAD00D1A07E /* Frameworks */,
				DD13E95425FA4EAD00D1A07E /* Resources */,
				297A70FBD91E773996106A82 /* [CP] Embed Pods Frameworks */,
			);
			buildRules = (
			);
			dependencies = (
			);
			name = FIXIT.CO;
			productName = FIXIT.CO;
			productReference = DD13E95625FA4EAD00D1A07E /* FIXIT.CO.app */;
			productType = "com.apple.product-type.application";
		};
		DD13E96B25FA4EB300D1A07E /* FIXIT.COTests */ = {
			isa = PBXNativeTarget;
			buildConfigurationList = DD13E98325FA4EB300D1A07E /* Build configuration list for PBXNativeTarget "FIXIT.COTests" */;
			buildPhases = (
				034B5192E6D448EDACB11C1F /* [CP] Check Pods Manifest.lock */,
				DD13E96825FA4EB300D1A07E /* Sources */,
				DD13E96925FA4EB300D1A07E /* Frameworks */,
				DD13E96A25FA4EB300D1A07E /* Resources */,
			);
			buildRules = (
			);
			dependencies = (
				DD13E96E25FA4EB300D1A07E /* PBXTargetDependency */,
			);
			name = FIXIT.COTests;
			productName = FIXIT.COTests;
			productReference = DD13E96C25FA4EB300D1A07E /* FIXIT.COTests.xctest */;
			productType = "com.apple.product-type.bundle.unit-test";
		};
		DD13E97625FA4EB300D1A07E /* FIXIT.COUITests */ = {
			isa = PBXNativeTarget;
			buildConfigurationList = DD13E98625FA4EB300D1A07E /* Build configuration list for PBXNativeTarget "FIXIT.COUITests" */;
			buildPhases = (
				47373C9CF5FB65278F04525E /* [CP] Check Pods Manifest.lock */,
				DD13E97325FA4EB300D1A07E /* Sources */,
				DD13E97425FA4EB300D1A07E /* Frameworks */,
				DD13E97525FA4EB300D1A07E /* Resources */,
				FC4BA6C2A53ADABC0FB4930F /* [CP] Embed Pods Frameworks */,
			);
			buildRules = (
			);
			dependencies = (
				DD13E97925FA4EB300D1A07E /* PBXTargetDependency */,
			);
			name = FIXIT.COUITests;
			productName = FIXIT.COUITests;
			productReference = DD13E97725FA4EB300D1A07E /* FIXIT.COUITests.xctest */;
			productType = "com.apple.product-type.bundle.ui-testing";
		};
/* End PBXNativeTarget section */

/* Begin PBXProject section */
		DD13E94E25FA4EAD00D1A07E /* Project object */ = {
			isa = PBXProject;
			attributes = {
				LastSwiftUpdateCheck = 1220;
				LastUpgradeCheck = 1220;
				TargetAttributes = {
					DD13E95525FA4EAD00D1A07E = {
						CreatedOnToolsVersion = 12.2;
					};
					DD13E96B25FA4EB300D1A07E = {
						CreatedOnToolsVersion = 12.2;
						TestTargetID = DD13E95525FA4EAD00D1A07E;
					};
					DD13E97625FA4EB300D1A07E = {
						CreatedOnToolsVersion = 12.2;
						TestTargetID = DD13E95525FA4EAD00D1A07E;
					};
				};
			};
			buildConfigurationList = DD13E95125FA4EAD00D1A07E /* Build configuration list for PBXProject "FIXIT.CO" */;
			compatibilityVersion = "Xcode 9.3";
			developmentRegion = en;
			hasScannedForEncodings = 0;
			knownRegions = (
				en,
				Base,
			);
			mainGroup = DD13E94D25FA4EAD00D1A07E;
			productRefGroup = DD13E95725FA4EAD00D1A07E /* Products */;
			projectDirPath = "";
			projectRoot = "";
			targets = (
				DD13E95525FA4EAD00D1A07E /* FIXIT.CO */,
				DD13E96B25FA4EB300D1A07E /* FIXIT.COTests */,
				DD13E97625FA4EB300D1A07E /* FIXIT.COUITests */,
			);
		};
/* End PBXProject section */

/* Begin PBXResourcesBuildPhase section */
		DD13E95425FA4EAD00D1A07E /* Resources */ = {
			isa = PBXResourcesBuildPhase;
			buildActionMask = 2147483647;
			files = (
				DD13E96625FA4EB200D1A07E /* LaunchScreen.storyboard in Resources */,
				DD9EB72525FA99FC004DD922 /* GoogleService-Info.plist in Resources */,
				DD13E96325FA4EB200D1A07E /* Assets.xcassets in Resources */,
				DD13E96125FA4EAD00D1A07E /* Main.storyboard in Resources */,
			);
			runOnlyForDeploymentPostprocessing = 0;
		};
		DD13E96A25FA4EB300D1A07E /* Resources */ = {
			isa = PBXResourcesBuildPhase;
			buildActionMask = 2147483647;
			files = (
			);
			runOnlyForDeploymentPostprocessing = 0;
		};
		DD13E97525FA4EB300D1A07E /* Resources */ = {
			isa = PBXResourcesBuildPhase;
			buildActionMask = 2147483647;
			files = (
			);
			runOnlyForDeploymentPostprocessing = 0;
		};
/* End PBXResourcesBuildPhase section */

/* Begin PBXShellScriptBuildPhase section */
		034B5192E6D448EDACB11C1F /* [CP] Check Pods Manifest.lock */ = {
			isa = PBXShellScriptBuildPhase;
			buildActionMask = 2147483647;
			files = (
			);
			inputFileListPaths = (
			);
			inputPaths = (
				"${PODS_PODFILE_DIR_PATH}/Podfile.lock",
				"${PODS_ROOT}/Manifest.lock",
			);
			name = "[CP] Check Pods Manifest.lock";
			outputFileListPaths = (
			);
			outputPaths = (
				"$(DERIVED_FILE_DIR)/Pods-FIXIT.COTests-checkManifestLockResult.txt",
			);
			runOnlyForDeploymentPostprocessing = 0;
			shellPath = /bin/sh;
			shellScript = "diff \"${PODS_PODFILE_DIR_PATH}/Podfile.lock\" \"${PODS_ROOT}/Manifest.lock\" > /dev/null\nif [ $? != 0 ] ; then\n    # print error to STDERR\n    echo \"error: The sandbox is not in sync with the Podfile.lock. Run 'pod install' or update your CocoaPods installation.\" >&2\n    exit 1\nfi\n# This output is used by Xcode 'outputs' to avoid re-running this script phase.\necho \"SUCCESS\" > \"${SCRIPT_OUTPUT_FILE_0}\"\n";
			showEnvVarsInLog = 0;
		};
		297A70FBD91E773996106A82 /* [CP] Embed Pods Frameworks */ = {
			isa = PBXShellScriptBuildPhase;
			buildActionMask = 2147483647;
			files = (
			);
			inputFileListPaths = (
				"${PODS_ROOT}/Target Support Files/Pods-FIXIT.CO/Pods-FIXIT.CO-frameworks-${CONFIGURATION}-input-files.xcfilelist",
			);
			name = "[CP] Embed Pods Frameworks";
			outputFileListPaths = (
				"${PODS_ROOT}/Target Support Files/Pods-FIXIT.CO/Pods-FIXIT.CO-frameworks-${CONFIGURATION}-output-files.xcfilelist",
			);
			runOnlyForDeploymentPostprocessing = 0;
			shellPath = /bin/sh;
			shellScript = "\"${PODS_ROOT}/Target Support Files/Pods-FIXIT.CO/Pods-FIXIT.CO-frameworks.sh\"\n";
			showEnvVarsInLog = 0;
		};
		47373C9CF5FB65278F04525E /* [CP] Check Pods Manifest.lock */ = {
			isa = PBXShellScriptBuildPhase;
			buildActionMask = 2147483647;
			files = (
			);
			inputFileListPaths = (
			);
			inputPaths = (
				"${PODS_PODFILE_DIR_PATH}/Podfile.lock",
				"${PODS_ROOT}/Manifest.lock",
			);
			name = "[CP] Check Pods Manifest.lock";
			outputFileListPaths = (
			);
			outputPaths = (
				"$(DERIVED_FILE_DIR)/Pods-FIXIT.CO-FIXIT.COUITests-checkManifestLockResult.txt",
			);
			runOnlyForDeploymentPostprocessing = 0;
			shellPath = /bin/sh;
			shellScript = "diff \"${PODS_PODFILE_DIR_PATH}/Podfile.lock\" \"${PODS_ROOT}/Manifest.lock\" > /dev/null\nif [ $? != 0 ] ; then\n    # print error to STDERR\n    echo \"error: The sandbox is not in sync with the Podfile.lock. Run 'pod install' or update your CocoaPods installation.\" >&2\n    exit 1\nfi\n# This output is used by Xcode 'outputs' to avoid re-running this script phase.\necho \"SUCCESS\" > \"${SCRIPT_OUTPUT_FILE_0}\"\n";
			showEnvVarsInLog = 0;
		};
		B40BEEFBE4F33C45FAE0EFB8 /* [CP] Check Pods Manifest.lock */ = {
			isa = PBXShellScriptBuildPhase;
			buildActionMask = 2147483647;
			files = (
			);
			inputFileListPaths = (
			);
			inputPaths = (
				"${PODS_PODFILE_DIR_PATH}/Podfile.lock",
				"${PODS_ROOT}/Manifest.lock",
			);
			name = "[CP] Check Pods Manifest.lock";
			outputFileListPaths = (
			);
			outputPaths = (
				"$(DERIVED_FILE_DIR)/Pods-FIXIT.CO-checkManifestLockResult.txt",
			);
			runOnlyForDeploymentPostprocessing = 0;
			shellPath = /bin/sh;
			shellScript = "diff \"${PODS_PODFILE_DIR_PATH}/Podfile.lock\" \"${PODS_ROOT}/Manifest.lock\" > /dev/null\nif [ $? != 0 ] ; then\n    # print error to STDERR\n    echo \"error: The sandbox is not in sync with the Podfile.lock. Run 'pod install' or update your CocoaPods installation.\" >&2\n    exit 1\nfi\n# This output is used by Xcode 'outputs' to avoid re-running this script phase.\necho \"SUCCESS\" > \"${SCRIPT_OUTPUT_FILE_0}\"\n";
			showEnvVarsInLog = 0;
		};
		FC4BA6C2A53ADABC0FB4930F /* [CP] Embed Pods Frameworks */ = {
			isa = PBXShellScriptBuildPhase;
			buildActionMask = 2147483647;
			files = (
			);
			inputFileListPaths = (
				"${PODS_ROOT}/Target Support Files/Pods-FIXIT.CO-FIXIT.COUITests/Pods-FIXIT.CO-FIXIT.COUITests-frameworks-${CONFIGURATION}-input-files.xcfilelist",
			);
			name = "[CP] Embed Pods Frameworks";
			outputFileListPaths = (
				"${PODS_ROOT}/Target Support Files/Pods-FIXIT.CO-FIXIT.COUITests/Pods-FIXIT.CO-FIXIT.COUITests-frameworks-${CONFIGURATION}-output-files.xcfilelist",
			);
			runOnlyForDeploymentPostprocessing = 0;
			shellPath = /bin/sh;
			shellScript = "\"${PODS_ROOT}/Target Support Files/Pods-FIXIT.CO-FIXIT.COUITests/Pods-FIXIT.CO-FIXIT.COUITests-frameworks.sh\"\n";
			showEnvVarsInLog = 0;
		};
/* End PBXShellScriptBuildPhase section */

/* Begin PBXSourcesBuildPhase section */
		DD13E95225FA4EAD00D1A07E /* Sources */ = {
			isa = PBXSourcesBuildPhase;
			buildActionMask = 2147483647;
			files = (
				DD13E9BA25FA531200D1A07E /* PostViewController.swift in Sources */,
				DD13E9AD25FA52C200D1A07E /* LoginViewController.swift in Sources */,
				DD13E9C425FA535A00D1A07E /* SettingsViewController.swift in Sources */,
				DD13E9A225FA51EB00D1A07E /* ProfileViewController.swift in Sources */,
				DD9EB73325FAA23D004DD922 /* AuthManager.swift in Sources */,
				DD13E9B525FA52D500D1A07E /* RegistrationViewController.swift in Sources */,
				DD13E99825FA516000D1A07E /* ExploreViewController.swift in Sources */,
				DD13E9C925FA538C00D1A07E /* SearchViewController.swift in Sources */,
				DD13E99D25FA51B900D1A07E /* MyWorkersViewController.swift in Sources */,
				DD9EB72E25FAA0B0004DD922 /* DatabseManager.swift in Sources */,
				DD13E95E25FA4EAD00D1A07E /* HomeViewController.swift in Sources */,
				DD13E95A25FA4EAD00D1A07E /* AppDelegate.swift in Sources */,
				DD13E9BF25FA533500D1A07E /* EditProfileViewController.swift in Sources */,
				DD13E9CE25FA53A200D1A07E /* SearchResultViewController.swift in Sources */,
				DD9EB75825FABBD5004DD922 /* Extensions.swift in Sources */,
				DD13E95C25FA4EAD00D1A07E /* SceneDelegate.swift in Sources */,
				DD9EB73825FAA2A8004DD922 /* StorageManager.swift in Sources */,
			);
			runOnlyForDeploymentPostprocessing = 0;
		};
		DD13E96825FA4EB300D1A07E /* Sources */ = {
			isa = PBXSourcesBuildPhase;
			buildActionMask = 2147483647;
			files = (
				DD13E97125FA4EB300D1A07E /* FIXIT_COTests.swift in Sources */,
			);
			runOnlyForDeploymentPostprocessing = 0;
		};
		DD13E97325FA4EB300D1A07E /* Sources */ = {
			isa = PBXSourcesBuildPhase;
			buildActionMask = 2147483647;
			files = (
				DD13E97C25FA4EB300D1A07E /* FIXIT_COUITests.swift in Sources */,
			);
			runOnlyForDeploymentPostprocessing = 0;
		};
/* End PBXSourcesBuildPhase section */

/* Begin PBXTargetDependency section */
		DD13E96E25FA4EB300D1A07E /* PBXTargetDependency */ = {
			isa = PBXTargetDependency;
			target = DD13E95525FA4EAD00D1A07E /* FIXIT.CO */;
			targetProxy = DD13E96D25FA4EB300D1A07E /* PBXContainerItemProxy */;
		};
		DD13E97925FA4EB300D1A07E /* PBXTargetDependency */ = {
			isa = PBXTargetDependency;
			target = DD13E95525FA4EAD00D1A07E /* FIXIT.CO */;
			targetProxy = DD13E97825FA4EB300D1A07E /* PBXContainerItemProxy */;
		};
/* End PBXTargetDependency section */

/* Begin PBXVariantGroup section */
		DD13E95F25FA4EAD00D1A07E /* Main.storyboard */ = {
			isa = PBXVariantGroup;
			children = (
				DD13E96025FA4EAD00D1A07E /* Base */,
			);
			name = Main.storyboard;
			sourceTree = "<group>";
		};
		DD13E96425FA4EB200D1A07E /* LaunchScreen.storyboard */ = {
			isa = PBXVariantGroup;
			children = (
				DD13E96525FA4EB200D1A07E /* Base */,
			);
			name = LaunchScreen.storyboard;
			sourceTree = "<group>";
		};
/* End PBXVariantGroup section */

/* Begin XCBuildConfiguration section */
		DD13E97E25FA4EB300D1A07E /* Debug */ = {
			isa = XCBuildConfiguration;
			buildSettings = {
				ALWAYS_SEARCH_USER_PATHS = NO;
				CLANG_ANALYZER_NONNULL = YES;
				CLANG_ANALYZER_NUMBER_OBJECT_CONVERSION = YES_AGGRESSIVE;
				CLANG_CXX_LANGUAGE_STANDARD = "gnu++14";
				CLANG_CXX_LIBRARY = "libc++";
				CLANG_ENABLE_MODULES = YES;
				CLANG_ENABLE_OBJC_ARC = YES;
				CLANG_ENABLE_OBJC_WEAK = YES;
				CLANG_WARN_BLOCK_CAPTURE_AUTORELEASING = YES;
				CLANG_WARN_BOOL_CONVERSION = YES;
				CLANG_WARN_COMMA = YES;
				CLANG_WARN_CONSTANT_CONVERSION = YES;
				CLANG_WARN_DEPRECATED_OBJC_IMPLEMENTATIONS = YES;
				CLANG_WARN_DIRECT_OBJC_ISA_USAGE = YES_ERROR;
				CLANG_WARN_DOCUMENTATION_COMMENTS = YES;
				CLANG_WARN_EMPTY_BODY = YES;
				CLANG_WARN_ENUM_CONVERSION = YES;
				CLANG_WARN_INFINITE_RECURSION = YES;
				CLANG_WARN_INT_CONVERSION = YES;
				CLANG_WARN_NON_LITERAL_NULL_CONVERSION = YES;
				CLANG_WARN_OBJC_IMPLICIT_RETAIN_SELF = YES;
				CLANG_WARN_OBJC_LITERAL_CONVERSION = YES;
				CLANG_WARN_OBJC_ROOT_CLASS = YES_ERROR;
				CLANG_WARN_QUOTED_INCLUDE_IN_FRAMEWORK_HEADER = YES;
				CLANG_WARN_RANGE_LOOP_ANALYSIS = YES;
				CLANG_WARN_STRICT_PROTOTYPES = YES;
				CLANG_WARN_SUSPICIOUS_MOVE = YES;
				CLANG_WARN_UNGUARDED_AVAILABILITY = YES_AGGRESSIVE;
				CLANG_WARN_UNREACHABLE_CODE = YES;
				CLANG_WARN__DUPLICATE_METHOD_MATCH = YES;
				COPY_PHASE_STRIP = NO;
				DEBUG_INFORMATION_FORMAT = dwarf;
				ENABLE_STRICT_OBJC_MSGSEND = YES;
				ENABLE_TESTABILITY = YES;
				GCC_C_LANGUAGE_STANDARD = gnu11;
				GCC_DYNAMIC_NO_PIC = NO;
				GCC_NO_COMMON_BLOCKS = YES;
				GCC_OPTIMIZATION_LEVEL = 0;
				GCC_PREPROCESSOR_DEFINITIONS = (
					"DEBUG=1",
					"$(inherited)",
				);
				GCC_WARN_64_TO_32_BIT_CONVERSION = YES;
				GCC_WARN_ABOUT_RETURN_TYPE = YES_ERROR;
				GCC_WARN_UNDECLARED_SELECTOR = YES;
				GCC_WARN_UNINITIALIZED_AUTOS = YES_AGGRESSIVE;
				GCC_WARN_UNUSED_FUNCTION = YES;
				GCC_WARN_UNUSED_VARIABLE = YES;
				IPHONEOS_DEPLOYMENT_TARGET = 14.2;
				MTL_ENABLE_DEBUG_INFO = INCLUDE_SOURCE;
				MTL_FAST_MATH = YES;
				ONLY_ACTIVE_ARCH = YES;
				SDKROOT = iphoneos;
				SWIFT_ACTIVE_COMPILATION_CONDITIONS = DEBUG;
				SWIFT_OPTIMIZATION_LEVEL = "-Onone";
			};
			name = Debug;
		};
		DD13E97F25FA4EB300D1A07E /* Release */ = {
			isa = XCBuildConfiguration;
			buildSettings = {
				ALWAYS_SEARCH_USER_PATHS = NO;
				CLANG_ANALYZER_NONNULL = YES;
				CLANG_ANALYZER_NUMBER_OBJECT_CONVERSION = YES_AGGRESSIVE;
				CLANG_CXX_LANGUAGE_STANDARD = "gnu++14";
				CLANG_CXX_LIBRARY = "libc++";
				CLANG_ENABLE_MODULES = YES;
				CLANG_ENABLE_OBJC_ARC = YES;
				CLANG_ENABLE_OBJC_WEAK = YES;
				CLANG_WARN_BLOCK_CAPTURE_AUTORELEASING = YES;
				CLANG_WARN_BOOL_CONVERSION = YES;
				CLANG_WARN_COMMA = YES;
				CLANG_WARN_CONSTANT_CONVERSION = YES;
				CLANG_WARN_DEPRECATED_OBJC_IMPLEMENTATIONS = YES;
				CLANG_WARN_DIRECT_OBJC_ISA_USAGE = YES_ERROR;
				CLANG_WARN_DOCUMENTATION_COMMENTS = YES;
				CLANG_WARN_EMPTY_BODY = YES;
				CLANG_WARN_ENUM_CONVERSION = YES;
				CLANG_WARN_INFINITE_RECURSION = YES;
				CLANG_WARN_INT_CONVERSION = YES;
				CLANG_WARN_NON_LITERAL_NULL_CONVERSION = YES;
				CLANG_WARN_OBJC_IMPLICIT_RETAIN_SELF = YES;
				CLANG_WARN_OBJC_LITERAL_CONVERSION = YES;
				CLANG_WARN_OBJC_ROOT_CLASS = YES_ERROR;
				CLANG_WARN_QUOTED_INCLUDE_IN_FRAMEWORK_HEADER = YES;
				CLANG_WARN_RANGE_LOOP_ANALYSIS = YES;
				CLANG_WARN_STRICT_PROTOTYPES = YES;
				CLANG_WARN_SUSPICIOUS_MOVE = YES;
				CLANG_WARN_UNGUARDED_AVAILABILITY = YES_AGGRESSIVE;
				CLANG_WARN_UNREACHABLE_CODE = YES;
				CLANG_WARN__DUPLICATE_METHOD_MATCH = YES;
				COPY_PHASE_STRIP = NO;
				DEBUG_INFORMATION_FORMAT = "dwarf-with-dsym";
				ENABLE_NS_ASSERTIONS = NO;
				ENABLE_STRICT_OBJC_MSGSEND = YES;
				GCC_C_LANGUAGE_STANDARD = gnu11;
				GCC_NO_COMMON_BLOCKS = YES;
				GCC_WARN_64_TO_32_BIT_CONVERSION = YES;
				GCC_WARN_ABOUT_RETURN_TYPE = YES_ERROR;
				GCC_WARN_UNDECLARED_SELECTOR = YES;
				GCC_WARN_UNINITIALIZED_AUTOS = YES_AGGRESSIVE;
				GCC_WARN_UNUSED_FUNCTION = YES;
				GCC_WARN_UNUSED_VARIABLE = YES;
				IPHONEOS_DEPLOYMENT_TARGET = 14.2;
				MTL_ENABLE_DEBUG_INFO = NO;
				MTL_FAST_MATH = YES;
				SDKROOT = iphoneos;
				SWIFT_COMPILATION_MODE = wholemodule;
				SWIFT_OPTIMIZATION_LEVEL = "-O";
				VALIDATE_PRODUCT = YES;
			};
			name = Release;
		};
		DD13E98125FA4EB300D1A07E /* Debug */ = {
			isa = XCBuildConfiguration;
			baseConfigurationReference = A458AB4364C8A8DEED2CAA2E /* Pods-FIXIT.CO.debug.xcconfig */;
			buildSettings = {
				ASSETCATALOG_COMPILER_APPICON_NAME = AppIcon;
				ASSETCATALOG_COMPILER_GLOBAL_ACCENT_COLOR_NAME = AccentColor;
				CODE_SIGN_STYLE = Automatic;
				INFOPLIST_FILE = FIXIT.CO/Info.plist;
				LD_RUNPATH_SEARCH_PATHS = (
					"$(inherited)",
					"@executable_path/Frameworks",
				);
				PRODUCT_BUNDLE_IDENTIFIER = "mobileapp.FIXIT-CO";
				PRODUCT_NAME = "$(TARGET_NAME)";
				SWIFT_VERSION = 5.0;
				TARGETED_DEVICE_FAMILY = "1,2";
			};
			name = Debug;
		};
		DD13E98225FA4EB300D1A07E /* Release */ = {
			isa = XCBuildConfiguration;
			baseConfigurationReference = 14B08B23CE89D46F3ED008CF /* Pods-FIXIT.CO.release.xcconfig */;
			buildSettings = {
				ASSETCATALOG_COMPILER_APPICON_NAME = AppIcon;
				ASSETCATALOG_COMPILER_GLOBAL_ACCENT_COLOR_NAME = AccentColor;
				CODE_SIGN_STYLE = Automatic;
				INFOPLIST_FILE = FIXIT.CO/Info.plist;
				LD_RUNPATH_SEARCH_PATHS = (
					"$(inherited)",
					"@executable_path/Frameworks",
				);
				PRODUCT_BUNDLE_IDENTIFIER = "mobileapp.FIXIT-CO";
				PRODUCT_NAME = "$(TARGET_NAME)";
				SWIFT_VERSION = 5.0;
				TARGETED_DEVICE_FAMILY = "1,2";
			};
			name = Release;
		};
		DD13E98425FA4EB300D1A07E /* Debug */ = {
			isa = XCBuildConfiguration;
			baseConfigurationReference = D89D309CB4F20B3CF1403E9F /* Pods-FIXIT.COTests.debug.xcconfig */;
			buildSettings = {
				ALWAYS_EMBED_SWIFT_STANDARD_LIBRARIES = YES;
				BUNDLE_LOADER = "$(TEST_HOST)";
				CODE_SIGN_STYLE = Automatic;
				INFOPLIST_FILE = FIXIT.COTests/Info.plist;
				IPHONEOS_DEPLOYMENT_TARGET = 14.2;
				LD_RUNPATH_SEARCH_PATHS = (
					"$(inherited)",
					"@executable_path/Frameworks",
					"@loader_path/Frameworks",
				);
				PRODUCT_BUNDLE_IDENTIFIER = "mobileapp.FIXIT-COTests";
				PRODUCT_NAME = "$(TARGET_NAME)";
				SWIFT_VERSION = 5.0;
				TARGETED_DEVICE_FAMILY = "1,2";
				TEST_HOST = "$(BUILT_PRODUCTS_DIR)/FIXIT.CO.app/FIXIT.CO";
			};
			name = Debug;
		};
		DD13E98525FA4EB300D1A07E /* Release */ = {
			isa = XCBuildConfiguration;
			baseConfigurationReference = AB9DED60C89BD4FFD0D5669A /* Pods-FIXIT.COTests.release.xcconfig */;
			buildSettings = {
				ALWAYS_EMBED_SWIFT_STANDARD_LIBRARIES = YES;
				BUNDLE_LOADER = "$(TEST_HOST)";
				CODE_SIGN_STYLE = Automatic;
				INFOPLIST_FILE = FIXIT.COTests/Info.plist;
				IPHONEOS_DEPLOYMENT_TARGET = 14.2;
				LD_RUNPATH_SEARCH_PATHS = (
					"$(inherited)",
					"@executable_path/Frameworks",
					"@loader_path/Frameworks",
				);
				PRODUCT_BUNDLE_IDENTIFIER = "mobileapp.FIXIT-COTests";
				PRODUCT_NAME = "$(TARGET_NAME)";
				SWIFT_VERSION = 5.0;
				TARGETED_DEVICE_FAMILY = "1,2";
				TEST_HOST = "$(BUILT_PRODUCTS_DIR)/FIXIT.CO.app/FIXIT.CO";
			};
			name = Release;
		};
		DD13E98725FA4EB300D1A07E /* Debug */ = {
			isa = XCBuildConfiguration;
			baseConfigurationReference = 9E1DEAC8C949E728BF6300ED /* Pods-FIXIT.CO-FIXIT.COUITests.debug.xcconfig */;
			buildSettings = {
				ALWAYS_EMBED_SWIFT_STANDARD_LIBRARIES = YES;
				CODE_SIGN_STYLE = Automatic;
				INFOPLIST_FILE = FIXIT.COUITests/Info.plist;
				LD_RUNPATH_SEARCH_PATHS = (
					"$(inherited)",
					"@executable_path/Frameworks",
					"@loader_path/Frameworks",
				);
				PRODUCT_BUNDLE_IDENTIFIER = "mobileapp.FIXIT-COUITests";
				PRODUCT_NAME = "$(TARGET_NAME)";
				SWIFT_VERSION = 5.0;
				TARGETED_DEVICE_FAMILY = "1,2";
				TEST_TARGET_NAME = FIXIT.CO;
			};
			name = Debug;
		};
		DD13E98825FA4EB300D1A07E /* Release */ = {
			isa = XCBuildConfiguration;
			baseConfigurationReference = E1A23AFA026EE8AA422F4ED3 /* Pods-FIXIT.CO-FIXIT.COUITests.release.xcconfig */;
			buildSettings = {
				ALWAYS_EMBED_SWIFT_STANDARD_LIBRARIES = YES;
				CODE_SIGN_STYLE = Automatic;
				INFOPLIST_FILE = FIXIT.COUITests/Info.plist;
				LD_RUNPATH_SEARCH_PATHS = (
					"$(inherited)",
					"@executable_path/Frameworks",
					"@loader_path/Frameworks",
				);
				PRODUCT_BUNDLE_IDENTIFIER = "mobileapp.FIXIT-COUITests";
				PRODUCT_NAME = "$(TARGET_NAME)";
				SWIFT_VERSION = 5.0;
				TARGETED_DEVICE_FAMILY = "1,2";
				TEST_TARGET_NAME = FIXIT.CO;
			};
			name = Release;
		};
/* End XCBuildConfiguration section */

/* Begin XCConfigurationList section */
		DD13E95125FA4EAD00D1A07E /* Build configuration list for PBXProject "FIXIT.CO" */ = {
			isa = XCConfigurationList;
			buildConfigurations = (
				DD13E97E25FA4EB300D1A07E /* Debug */,
				DD13E97F25FA4EB300D1A07E /* Release */,
			);
			defaultConfigurationIsVisible = 0;
			defaultConfigurationName = Release;
		};
		DD13E98025FA4EB300D1A07E /* Build configuration list for PBXNativeTarget "FIXIT.CO" */ = {
			isa = XCConfigurationList;
			buildConfigurations = (
				DD13E98125FA4EB300D1A07E /* Debug */,
				DD13E98225FA4EB300D1A07E /* Release */,
			);
			defaultConfigurationIsVisible = 0;
			defaultConfigurationName = Release;
		};
		DD13E98325FA4EB300D1A07E /* Build configuration list for PBXNativeTarget "FIXIT.COTests" */ = {
			isa = XCConfigurationList;
			buildConfigurations = (
				DD13E98425FA4EB300D1A07E /* Debug */,
				DD13E98525FA4EB300D1A07E /* Release */,
			);
			defaultConfigurationIsVisible = 0;
			defaultConfigurationName = Release;
		};
		DD13E98625FA4EB300D1A07E /* Build configuration list for PBXNativeTarget "FIXIT.COUITests" */ = {
			isa = XCConfigurationList;
			buildConfigurations = (
				DD13E98725FA4EB300D1A07E /* Debug */,
				DD13E98825FA4EB300D1A07E /* Release */,
			);
			defaultConfigurationIsVisible = 0;
			defaultConfigurationName = Release;
		};
/* End XCConfigurationList section */
	};
	rootObject = DD13E94E25FA4EAD00D1A07E /* Project object */;
}
