// !$*UTF8*$!
{
	archiveVersion = 1;
	classes = {
	};
	objectVersion = 55;
	objects = {

/* Begin PBXBuildFile section */
		C507730627F3D4AE005CCD75 /* LogInViewController.swift in Sources */ = {isa = PBXBuildFile; fileRef = C507730527F3D4AE005CCD75 /* LogInViewController.swift */; };
		C507730827F3D4D0005CCD75 /* SignInViewController.swift in Sources */ = {isa = PBXBuildFile; fileRef = C507730727F3D4D0005CCD75 /* SignInViewController.swift */; };
		C507730A27F3D4E9005CCD75 /* MainMenuViewController.swift in Sources */ = {isa = PBXBuildFile; fileRef = C507730927F3D4E9005CCD75 /* MainMenuViewController.swift */; };
		C574E17F27F1164D00ED842C /* AppDelegate.swift in Sources */ = {isa = PBXBuildFile; fileRef = C574E17E27F1164D00ED842C /* AppDelegate.swift */; };
		C574E18127F1164D00ED842C /* SceneDelegate.swift in Sources */ = {isa = PBXBuildFile; fileRef = C574E18027F1164D00ED842C /* SceneDelegate.swift */; };
		C574E18327F1164D00ED842C /* LogSignViewController.swift in Sources */ = {isa = PBXBuildFile; fileRef = C574E18227F1164D00ED842C /* LogSignViewController.swift */; };
		C574E18627F1164D00ED842C /* Main.storyboard in Resources */ = {isa = PBXBuildFile; fileRef = C574E18427F1164D00ED842C /* Main.storyboard */; };
		C574E18827F1164D00ED842C /* Assets.xcassets in Resources */ = {isa = PBXBuildFile; fileRef = C574E18727F1164D00ED842C /* Assets.xcassets */; };
		C574E18B27F1164D00ED842C /* LaunchScreen.storyboard in Resources */ = {isa = PBXBuildFile; fileRef = C574E18927F1164D00ED842C /* LaunchScreen.storyboard */; };
		C574E19627F1164D00ED842C /* FixITTests.swift in Sources */ = {isa = PBXBuildFile; fileRef = C574E19527F1164D00ED842C /* FixITTests.swift */; };
		C574E1A027F1164D00ED842C /* FixITUITests.swift in Sources */ = {isa = PBXBuildFile; fileRef = C574E19F27F1164D00ED842C /* FixITUITests.swift */; };
		C574E1A227F1164D00ED842C /* FixITUITestsLaunchTests.swift in Sources */ = {isa = PBXBuildFile; fileRef = C574E1A127F1164D00ED842C /* FixITUITestsLaunchTests.swift */; };
		C5C6E5EB27F3DF830001BB9F /* GoogleService-Info.plist in Resources */ = {isa = PBXBuildFile; fileRef = C5C6E5EA27F3DF830001BB9F /* GoogleService-Info.plist */; };
		C5C6E5EE27F3E04F0001BB9F /* FirebaseAnalytics in Frameworks */ = {isa = PBXBuildFile; productRef = C5C6E5ED27F3E04F0001BB9F /* FirebaseAnalytics */; };
		C5C6E5F027F3E04F0001BB9F /* FirebaseAuth in Frameworks */ = {isa = PBXBuildFile; productRef = C5C6E5EF27F3E04F0001BB9F /* FirebaseAuth */; };
		C5C6E5F227F3E04F0001BB9F /* FirebaseCrashlytics in Frameworks */ = {isa = PBXBuildFile; productRef = C5C6E5F127F3E04F0001BB9F /* FirebaseCrashlytics */; };
		C5C6E5F427F3E04F0001BB9F /* FirebaseMessaging in Frameworks */ = {isa = PBXBuildFile; productRef = C5C6E5F327F3E04F0001BB9F /* FirebaseMessaging */; };
/* End PBXBuildFile section */

/* Begin PBXContainerItemProxy section */
		C574E19227F1164D00ED842C /* PBXContainerItemProxy */ = {
			isa = PBXContainerItemProxy;
			containerPortal = C574E17327F1164D00ED842C /* Project object */;
			proxyType = 1;
			remoteGlobalIDString = C574E17A27F1164D00ED842C;
			remoteInfo = FixIT;
		};
		C574E19C27F1164D00ED842C /* PBXContainerItemProxy */ = {
			isa = PBXContainerItemProxy;
			containerPortal = C574E17327F1164D00ED842C /* Project object */;
			proxyType = 1;
			remoteGlobalIDString = C574E17A27F1164D00ED842C;
			remoteInfo = FixIT;
		};
/* End PBXContainerItemProxy section */

/* Begin PBXFileReference section */
		C507730527F3D4AE005CCD75 /* LogInViewController.swift */ = {isa = PBXFileReference; lastKnownFileType = sourcecode.swift; path = LogInViewController.swift; sourceTree = "<group>"; };
		C507730727F3D4D0005CCD75 /* SignInViewController.swift */ = {isa = PBXFileReference; lastKnownFileType = sourcecode.swift; path = SignInViewController.swift; sourceTree = "<group>"; };
		C507730927F3D4E9005CCD75 /* MainMenuViewController.swift */ = {isa = PBXFileReference; lastKnownFileType = sourcecode.swift; path = MainMenuViewController.swift; sourceTree = "<group>"; };
		C574E17B27F1164D00ED842C /* FixIT.app */ = {isa = PBXFileReference; explicitFileType = wrapper.application; includeInIndex = 0; path = FixIT.app; sourceTree = BUILT_PRODUCTS_DIR; };
		C574E17E27F1164D00ED842C /* AppDelegate.swift */ = {isa = PBXFileReference; lastKnownFileType = sourcecode.swift; path = AppDelegate.swift; sourceTree = "<group>"; };
		C574E18027F1164D00ED842C /* SceneDelegate.swift */ = {isa = PBXFileReference; lastKnownFileType = sourcecode.swift; path = SceneDelegate.swift; sourceTree = "<group>"; };
		C574E18227F1164D00ED842C /* LogSignViewController.swift */ = {isa = PBXFileReference; lastKnownFileType = sourcecode.swift; path = LogSignViewController.swift; sourceTree = "<group>"; };
		C574E18527F1164D00ED842C /* Base */ = {isa = PBXFileReference; lastKnownFileType = file.storyboard; name = Base; path = Base.lproj/Main.storyboard; sourceTree = "<group>"; };
		C574E18727F1164D00ED842C /* Assets.xcassets */ = {isa = PBXFileReference; lastKnownFileType = folder.assetcatalog; path = Assets.xcassets; sourceTree = "<group>"; };
		C574E18A27F1164D00ED842C /* Base */ = {isa = PBXFileReference; lastKnownFileType = file.storyboard; name = Base; path = Base.lproj/LaunchScreen.storyboard; sourceTree = "<group>"; };
		C574E18C27F1164D00ED842C /* Info.plist */ = {isa = PBXFileReference; lastKnownFileType = text.plist.xml; path = Info.plist; sourceTree = "<group>"; };
		C574E19127F1164D00ED842C /* FixITTests.xctest */ = {isa = PBXFileReference; explicitFileType = wrapper.cfbundle; includeInIndex = 0; path = FixITTests.xctest; sourceTree = BUILT_PRODUCTS_DIR; };
		C574E19527F1164D00ED842C /* FixITTests.swift */ = {isa = PBXFileReference; lastKnownFileType = sourcecode.swift; path = FixITTests.swift; sourceTree = "<group>"; };
		C574E19B27F1164D00ED842C /* FixITUITests.xctest */ = {isa = PBXFileReference; explicitFileType = wrapper.cfbundle; includeInIndex = 0; path = FixITUITests.xctest; sourceTree = BUILT_PRODUCTS_DIR; };
		C574E19F27F1164D00ED842C /* FixITUITests.swift */ = {isa = PBXFileReference; lastKnownFileType = sourcecode.swift; path = FixITUITests.swift; sourceTree = "<group>"; };
		C574E1A127F1164D00ED842C /* FixITUITestsLaunchTests.swift */ = {isa = PBXFileReference; lastKnownFileType = sourcecode.swift; path = FixITUITestsLaunchTests.swift; sourceTree = "<group>"; };
		C5C6E5EA27F3DF830001BB9F /* GoogleService-Info.plist */ = {isa = PBXFileReference; fileEncoding = 4; lastKnownFileType = text.plist.xml; path = "GoogleService-Info.plist"; sourceTree = "<group>"; };
/* End PBXFileReference section */

/* Begin PBXFrameworksBuildPhase section */
		C574E17827F1164D00ED842C /* Frameworks */ = {
			isa = PBXFrameworksBuildPhase;
			buildActionMask = 2147483647;
			files = (
				C5C6E5F427F3E04F0001BB9F /* FirebaseMessaging in Frameworks */,
				C5C6E5F227F3E04F0001BB9F /* FirebaseCrashlytics in Frameworks */,
				C5C6E5EE27F3E04F0001BB9F /* FirebaseAnalytics in Frameworks */,
				C5C6E5F027F3E04F0001BB9F /* FirebaseAuth in Frameworks */,
			);
			runOnlyForDeploymentPostprocessing = 0;
		};
		C574E18E27F1164D00ED842C /* Frameworks */ = {
			isa = PBXFrameworksBuildPhase;
			buildActionMask = 2147483647;
			files = (
			);
			runOnlyForDeploymentPostprocessing = 0;
		};
		C574E19827F1164D00ED842C /* Frameworks */ = {
			isa = PBXFrameworksBuildPhase;
			buildActionMask = 2147483647;
			files = (
			);
			runOnlyForDeploymentPostprocessing = 0;
		};
/* End PBXFrameworksBuildPhase section */

/* Begin PBXGroup section */
		C552783927F3D03700A23DD3 /* Controllers */ = {
			isa = PBXGroup;
			children = (
				C574E18227F1164D00ED842C /* LogSignViewController.swift */,
				C507730527F3D4AE005CCD75 /* LogInViewController.swift */,
				C507730727F3D4D0005CCD75 /* SignInViewController.swift */,
				C507730927F3D4E9005CCD75 /* MainMenuViewController.swift */,
			);
			path = Controllers;
			sourceTree = "<group>";
		};
		C552783A27F3D05200A23DD3 /* Views */ = {
			isa = PBXGroup;
			children = (
				C574E18427F1164D00ED842C /* Main.storyboard */,
			);
			path = Views;
			sourceTree = "<group>";
		};
		C574E17227F1164D00ED842C = {
			isa = PBXGroup;
			children = (
				C574E17D27F1164D00ED842C /* FixIT */,
				C574E19427F1164D00ED842C /* FixITTests */,
				C574E19E27F1164D00ED842C /* FixITUITests */,
				C574E17C27F1164D00ED842C /* Products */,
			);
			sourceTree = "<group>";
		};
		C574E17C27F1164D00ED842C /* Products */ = {
			isa = PBXGroup;
			children = (
				C574E17B27F1164D00ED842C /* FixIT.app */,
				C574E19127F1164D00ED842C /* FixITTests.xctest */,
				C574E19B27F1164D00ED842C /* FixITUITests.xctest */,
			);
			name = Products;
			sourceTree = "<group>";
		};
		C574E17D27F1164D00ED842C /* FixIT */ = {
			isa = PBXGroup;
			children = (
				C574E17E27F1164D00ED842C /* AppDelegate.swift */,
				C574E18027F1164D00ED842C /* SceneDelegate.swift */,
				C552783A27F3D05200A23DD3 /* Views */,
				C552783927F3D03700A23DD3 /* Controllers */,
				C574E18727F1164D00ED842C /* Assets.xcassets */,
				C574E18927F1164D00ED842C /* LaunchScreen.storyboard */,
				C574E18C27F1164D00ED842C /* Info.plist */,
				C5C6E5EA27F3DF830001BB9F /* GoogleService-Info.plist */,
			);
			path = FixIT;
			sourceTree = "<group>";
		};
		C574E19427F1164D00ED842C /* FixITTests */ = {
			isa = PBXGroup;
			children = (
				C574E19527F1164D00ED842C /* FixITTests.swift */,
			);
			path = FixITTests;
			sourceTree = "<group>";
		};
		C574E19E27F1164D00ED842C /* FixITUITests */ = {
			isa = PBXGroup;
			children = (
				C574E19F27F1164D00ED842C /* FixITUITests.swift */,
				C574E1A127F1164D00ED842C /* FixITUITestsLaunchTests.swift */,
			);
			path = FixITUITests;
			sourceTree = "<group>";
		};
/* End PBXGroup section */

/* Begin PBXNativeTarget section */
		C574E17A27F1164D00ED842C /* FixIT */ = {
			isa = PBXNativeTarget;
			buildConfigurationList = C574E1A527F1164D00ED842C /* Build configuration list for PBXNativeTarget "FixIT" */;
			buildPhases = (
				C574E17727F1164D00ED842C /* Sources */,
				C574E17827F1164D00ED842C /* Frameworks */,
				C574E17927F1164D00ED842C /* Resources */,
			);
			buildRules = (
			);
			dependencies = (
			);
			name = FixIT;
			packageProductDependencies = (
				C5C6E5ED27F3E04F0001BB9F /* FirebaseAnalytics */,
				C5C6E5EF27F3E04F0001BB9F /* FirebaseAuth */,
				C5C6E5F127F3E04F0001BB9F /* FirebaseCrashlytics */,
				C5C6E5F327F3E04F0001BB9F /* FirebaseMessaging */,
			);
			productName = FixIT;
			productReference = C574E17B27F1164D00ED842C /* FixIT.app */;
			productType = "com.apple.product-type.application";
		};
		C574E19027F1164D00ED842C /* FixITTests */ = {
			isa = PBXNativeTarget;
			buildConfigurationList = C574E1A827F1164D00ED842C /* Build configuration list for PBXNativeTarget "FixITTests" */;
			buildPhases = (
				C574E18D27F1164D00ED842C /* Sources */,
				C574E18E27F1164D00ED842C /* Frameworks */,
				C574E18F27F1164D00ED842C /* Resources */,
			);
			buildRules = (
			);
			dependencies = (
				C574E19327F1164D00ED842C /* PBXTargetDependency */,
			);
			name = FixITTests;
			productName = FixITTests;
			productReference = C574E19127F1164D00ED842C /* FixITTests.xctest */;
			productType = "com.apple.product-type.bundle.unit-test";
		};
		C574E19A27F1164D00ED842C /* FixITUITests */ = {
			isa = PBXNativeTarget;
			buildConfigurationList = C574E1AB27F1164D00ED842C /* Build configuration list for PBXNativeTarget "FixITUITests" */;
			buildPhases = (
				C574E19727F1164D00ED842C /* Sources */,
				C574E19827F1164D00ED842C /* Frameworks */,
				C574E19927F1164D00ED842C /* Resources */,
			);
			buildRules = (
			);
			dependencies = (
				C574E19D27F1164D00ED842C /* PBXTargetDependency */,
			);
			name = FixITUITests;
			productName = FixITUITests;
			productReference = C574E19B27F1164D00ED842C /* FixITUITests.xctest */;
			productType = "com.apple.product-type.bundle.ui-testing";
		};
/* End PBXNativeTarget section */

/* Begin PBXProject section */
		C574E17327F1164D00ED842C /* Project object */ = {
			isa = PBXProject;
			attributes = {
				BuildIndependentTargetsInParallel = 1;
				LastSwiftUpdateCheck = 1330;
				LastUpgradeCheck = 1330;
				TargetAttributes = {
					C574E17A27F1164D00ED842C = {
						CreatedOnToolsVersion = 13.3;
					};
					C574E19027F1164D00ED842C = {
						CreatedOnToolsVersion = 13.3;
						TestTargetID = C574E17A27F1164D00ED842C;
					};
					C574E19A27F1164D00ED842C = {
						CreatedOnToolsVersion = 13.3;
						TestTargetID = C574E17A27F1164D00ED842C;
					};
				};
			};
			buildConfigurationList = C574E17627F1164D00ED842C /* Build configuration list for PBXProject "FixIT" */;
			compatibilityVersion = "Xcode 13.0";
			developmentRegion = en;
			hasScannedForEncodings = 0;
			knownRegions = (
				en,
				Base,
			);
			mainGroup = C574E17227F1164D00ED842C;
			packageReferences = (
				C5C6E5EC27F3E04F0001BB9F /* XCRemoteSwiftPackageReference "firebase-ios-sdk" */,
			);
			productRefGroup = C574E17C27F1164D00ED842C /* Products */;
			projectDirPath = "";
			projectRoot = "";
			targets = (
				C574E17A27F1164D00ED842C /* FixIT */,
				C574E19027F1164D00ED842C /* FixITTests */,
				C574E19A27F1164D00ED842C /* FixITUITests */,
			);
		};
/* End PBXProject section */

/* Begin PBXResourcesBuildPhase section */
		C574E17927F1164D00ED842C /* Resources */ = {
			isa = PBXResourcesBuildPhase;
			buildActionMask = 2147483647;
			files = (
				C574E18B27F1164D00ED842C /* LaunchScreen.storyboard in Resources */,
				C5C6E5EB27F3DF830001BB9F /* GoogleService-Info.plist in Resources */,
				C574E18827F1164D00ED842C /* Assets.xcassets in Resources */,
				C574E18627F1164D00ED842C /* Main.storyboard in Resources */,
			);
			runOnlyForDeploymentPostprocessing = 0;
		};
		C574E18F27F1164D00ED842C /* Resources */ = {
			isa = PBXResourcesBuildPhase;
			buildActionMask = 2147483647;
			files = (
			);
			runOnlyForDeploymentPostprocessing = 0;
		};
		C574E19927F1164D00ED842C /* Resources */ = {
			isa = PBXResourcesBuildPhase;
			buildActionMask = 2147483647;
			files = (
			);
			runOnlyForDeploymentPostprocessing = 0;
		};
/* End PBXResourcesBuildPhase section */

/* Begin PBXSourcesBuildPhase section */
		C574E17727F1164D00ED842C /* Sources */ = {
			isa = PBXSourcesBuildPhase;
			buildActionMask = 2147483647;
			files = (
				C507730A27F3D4E9005CCD75 /* MainMenuViewController.swift in Sources */,
				C507730627F3D4AE005CCD75 /* LogInViewController.swift in Sources */,
				C574E18327F1164D00ED842C /* LogSignViewController.swift in Sources */,
				C574E17F27F1164D00ED842C /* AppDelegate.swift in Sources */,
				C507730827F3D4D0005CCD75 /* SignInViewController.swift in Sources */,
				C574E18127F1164D00ED842C /* SceneDelegate.swift in Sources */,
			);
			runOnlyForDeploymentPostprocessing = 0;
		};
		C574E18D27F1164D00ED842C /* Sources */ = {
			isa = PBXSourcesBuildPhase;
			buildActionMask = 2147483647;
			files = (
				C574E19627F1164D00ED842C /* FixITTests.swift in Sources */,
			);
			runOnlyForDeploymentPostprocessing = 0;
		};
		C574E19727F1164D00ED842C /* Sources */ = {
			isa = PBXSourcesBuildPhase;
			buildActionMask = 2147483647;
			files = (
				C574E1A027F1164D00ED842C /* FixITUITests.swift in Sources */,
				C574E1A227F1164D00ED842C /* FixITUITestsLaunchTests.swift in Sources */,
			);
			runOnlyForDeploymentPostprocessing = 0;
		};
/* End PBXSourcesBuildPhase section */

/* Begin PBXTargetDependency section */
		C574E19327F1164D00ED842C /* PBXTargetDependency */ = {
			isa = PBXTargetDependency;
			target = C574E17A27F1164D00ED842C /* FixIT */;
			targetProxy = C574E19227F1164D00ED842C /* PBXContainerItemProxy */;
		};
		C574E19D27F1164D00ED842C /* PBXTargetDependency */ = {
			isa = PBXTargetDependency;
			target = C574E17A27F1164D00ED842C /* FixIT */;
			targetProxy = C574E19C27F1164D00ED842C /* PBXContainerItemProxy */;
		};
/* End PBXTargetDependency section */

/* Begin PBXVariantGroup section */
		C574E18427F1164D00ED842C /* Main.storyboard */ = {
			isa = PBXVariantGroup;
			children = (
				C574E18527F1164D00ED842C /* Base */,
			);
			name = Main.storyboard;
			sourceTree = "<group>";
		};
		C574E18927F1164D00ED842C /* LaunchScreen.storyboard */ = {
			isa = PBXVariantGroup;
			children = (
				C574E18A27F1164D00ED842C /* Base */,
			);
			name = LaunchScreen.storyboard;
			sourceTree = "<group>";
		};
/* End PBXVariantGroup section */

/* Begin XCBuildConfiguration section */
		C574E1A327F1164D00ED842C /* Debug */ = {
			isa = XCBuildConfiguration;
			buildSettings = {
				ALWAYS_SEARCH_USER_PATHS = NO;
				CLANG_ANALYZER_NONNULL = YES;
				CLANG_ANALYZER_NUMBER_OBJECT_CONVERSION = YES_AGGRESSIVE;
				CLANG_CXX_LANGUAGE_STANDARD = "gnu++17";
				CLANG_ENABLE_MODULES = YES;
				CLANG_ENABLE_OBJC_ARC = YES;
				CLANG_ENABLE_OBJC_WEAK = YES;
				CLANG_WARN_BLOCK_CAPTURE_AUTORELEASING = YES;
				CLANG_WARN_BOOL_CONVERSION = YES;
				CLANG_WARN_COMMA = YES;
				CLANG_WARN_CONSTANT_CONVERSION = YES;
				CLANG_WARN_DEPRECATED_OBJC_IMPLEMENTATIONS = YES;
				CLANG_WARN_DIRECT_OBJC_ISA_USAGE = YES_ERROR;
				CLANG_WARN_DOCUMENTATION_COMMENTS = YES;
				CLANG_WARN_EMPTY_BODY = YES;
				CLANG_WARN_ENUM_CONVERSION = YES;
				CLANG_WARN_INFINITE_RECURSION = YES;
				CLANG_WARN_INT_CONVERSION = YES;
				CLANG_WARN_NON_LITERAL_NULL_CONVERSION = YES;
				CLANG_WARN_OBJC_IMPLICIT_RETAIN_SELF = YES;
				CLANG_WARN_OBJC_LITERAL_CONVERSION = YES;
				CLANG_WARN_OBJC_ROOT_CLASS = YES_ERROR;
				CLANG_WARN_QUOTED_INCLUDE_IN_FRAMEWORK_HEADER = YES;
				CLANG_WARN_RANGE_LOOP_ANALYSIS = YES;
				CLANG_WARN_STRICT_PROTOTYPES = YES;
				CLANG_WARN_SUSPICIOUS_MOVE = YES;
				CLANG_WARN_UNGUARDED_AVAILABILITY = YES_AGGRESSIVE;
				CLANG_WARN_UNREACHABLE_CODE = YES;
				CLANG_WARN__DUPLICATE_METHOD_MATCH = YES;
				COPY_PHASE_STRIP = NO;
				DEBUG_INFORMATION_FORMAT = dwarf;
				ENABLE_STRICT_OBJC_MSGSEND = YES;
				ENABLE_TESTABILITY = YES;
				GCC_C_LANGUAGE_STANDARD = gnu11;
				GCC_DYNAMIC_NO_PIC = NO;
				GCC_NO_COMMON_BLOCKS = YES;
				GCC_OPTIMIZATION_LEVEL = 0;
				GCC_PREPROCESSOR_DEFINITIONS = (
					"DEBUG=1",
					"$(inherited)",
				);
				GCC_WARN_64_TO_32_BIT_CONVERSION = YES;
				GCC_WARN_ABOUT_RETURN_TYPE = YES_ERROR;
				GCC_WARN_UNDECLARED_SELECTOR = YES;
				GCC_WARN_UNINITIALIZED_AUTOS = YES_AGGRESSIVE;
				GCC_WARN_UNUSED_FUNCTION = YES;
				GCC_WARN_UNUSED_VARIABLE = YES;
				IPHONEOS_DEPLOYMENT_TARGET = 15.4;
				MTL_ENABLE_DEBUG_INFO = INCLUDE_SOURCE;
				MTL_FAST_MATH = YES;
				ONLY_ACTIVE_ARCH = YES;
				SDKROOT = iphoneos;
				SWIFT_ACTIVE_COMPILATION_CONDITIONS = DEBUG;
				SWIFT_OPTIMIZATION_LEVEL = "-Onone";
			};
			name = Debug;
		};
		C574E1A427F1164D00ED842C /* Release */ = {
			isa = XCBuildConfiguration;
			buildSettings = {
				ALWAYS_SEARCH_USER_PATHS = NO;
				CLANG_ANALYZER_NONNULL = YES;
				CLANG_ANALYZER_NUMBER_OBJECT_CONVERSION = YES_AGGRESSIVE;
				CLANG_CXX_LANGUAGE_STANDARD = "gnu++17";
				CLANG_ENABLE_MODULES = YES;
				CLANG_ENABLE_OBJC_ARC = YES;
				CLANG_ENABLE_OBJC_WEAK = YES;
				CLANG_WARN_BLOCK_CAPTURE_AUTORELEASING = YES;
				CLANG_WARN_BOOL_CONVERSION = YES;
				CLANG_WARN_COMMA = YES;
				CLANG_WARN_CONSTANT_CONVERSION = YES;
				CLANG_WARN_DEPRECATED_OBJC_IMPLEMENTATIONS = YES;
				CLANG_WARN_DIRECT_OBJC_ISA_USAGE = YES_ERROR;
				CLANG_WARN_DOCUMENTATION_COMMENTS = YES;
				CLANG_WARN_EMPTY_BODY = YES;
				CLANG_WARN_ENUM_CONVERSION = YES;
				CLANG_WARN_INFINITE_RECURSION = YES;
				CLANG_WARN_INT_CONVERSION = YES;
				CLANG_WARN_NON_LITERAL_NULL_CONVERSION = YES;
				CLANG_WARN_OBJC_IMPLICIT_RETAIN_SELF = YES;
				CLANG_WARN_OBJC_LITERAL_CONVERSION = YES;
				CLANG_WARN_OBJC_ROOT_CLASS = YES_ERROR;
				CLANG_WARN_QUOTED_INCLUDE_IN_FRAMEWORK_HEADER = YES;
				CLANG_WARN_RANGE_LOOP_ANALYSIS = YES;
				CLANG_WARN_STRICT_PROTOTYPES = YES;
				CLANG_WARN_SUSPICIOUS_MOVE = YES;
				CLANG_WARN_UNGUARDED_AVAILABILITY = YES_AGGRESSIVE;
				CLANG_WARN_UNREACHABLE_CODE = YES;
				CLANG_WARN__DUPLICATE_METHOD_MATCH = YES;
				COPY_PHASE_STRIP = NO;
				DEBUG_INFORMATION_FORMAT = "dwarf-with-dsym";
				ENABLE_NS_ASSERTIONS = NO;
				ENABLE_STRICT_OBJC_MSGSEND = YES;
				GCC_C_LANGUAGE_STANDARD = gnu11;
				GCC_NO_COMMON_BLOCKS = YES;
				GCC_WARN_64_TO_32_BIT_CONVERSION = YES;
				GCC_WARN_ABOUT_RETURN_TYPE = YES_ERROR;
				GCC_WARN_UNDECLARED_SELECTOR = YES;
				GCC_WARN_UNINITIALIZED_AUTOS = YES_AGGRESSIVE;
				GCC_WARN_UNUSED_FUNCTION = YES;
				GCC_WARN_UNUSED_VARIABLE = YES;
				IPHONEOS_DEPLOYMENT_TARGET = 15.4;
				MTL_ENABLE_DEBUG_INFO = NO;
				MTL_FAST_MATH = YES;
				SDKROOT = iphoneos;
				SWIFT_COMPILATION_MODE = wholemodule;
				SWIFT_OPTIMIZATION_LEVEL = "-O";
				VALIDATE_PRODUCT = YES;
			};
			name = Release;
		};
		C574E1A627F1164D00ED842C /* Debug */ = {
			isa = XCBuildConfiguration;
			buildSettings = {
				ASSETCATALOG_COMPILER_APPICON_NAME = AppIcon;
				ASSETCATALOG_COMPILER_GLOBAL_ACCENT_COLOR_NAME = AccentColor;
				CODE_SIGN_STYLE = Automatic;
				CURRENT_PROJECT_VERSION = 1;
				DEVELOPMENT_TEAM = 27KX9Z8496;
				GENERATE_INFOPLIST_FILE = YES;
				INFOPLIST_FILE = FixIT/Info.plist;
				INFOPLIST_KEY_UIApplicationSupportsIndirectInputEvents = YES;
				INFOPLIST_KEY_UILaunchStoryboardName = LaunchScreen;
				INFOPLIST_KEY_UIMainStoryboardFile = Main;
				INFOPLIST_KEY_UISupportedInterfaceOrientations_iPad = "UIInterfaceOrientationPortrait UIInterfaceOrientationPortraitUpsideDown UIInterfaceOrientationLandscapeLeft UIInterfaceOrientationLandscapeRight";
				INFOPLIST_KEY_UISupportedInterfaceOrientations_iPhone = "UIInterfaceOrientationPortrait UIInterfaceOrientationLandscapeLeft UIInterfaceOrientationLandscapeRight";
				IPHONEOS_DEPLOYMENT_TARGET = 15.4;
				LD_RUNPATH_SEARCH_PATHS = (
					"$(inherited)",
					"@executable_path/Frameworks",
				);
				MARKETING_VERSION = 1.0;
				PRODUCT_BUNDLE_IDENTIFIER = fixit.FixIT;
				PRODUCT_NAME = "$(TARGET_NAME)";
				SWIFT_EMIT_LOC_STRINGS = YES;
				SWIFT_VERSION = 5.0;
				TARGETED_DEVICE_FAMILY = "1,2";
			};
			name = Debug;
		};
		C574E1A727F1164D00ED842C /* Release */ = {
			isa = XCBuildConfiguration;
			buildSettings = {
				ASSETCATALOG_COMPILER_APPICON_NAME = AppIcon;
				ASSETCATALOG_COMPILER_GLOBAL_ACCENT_COLOR_NAME = AccentColor;
				CODE_SIGN_STYLE = Automatic;
				CURRENT_PROJECT_VERSION = 1;
				DEVELOPMENT_TEAM = 27KX9Z8496;
				GENERATE_INFOPLIST_FILE = YES;
				INFOPLIST_FILE = FixIT/Info.plist;
				INFOPLIST_KEY_UIApplicationSupportsIndirectInputEvents = YES;
				INFOPLIST_KEY_UILaunchStoryboardName = LaunchScreen;
				INFOPLIST_KEY_UIMainStoryboardFile = Main;
				INFOPLIST_KEY_UISupportedInterfaceOrientations_iPad = "UIInterfaceOrientationPortrait UIInterfaceOrientationPortraitUpsideDown UIInterfaceOrientationLandscapeLeft UIInterfaceOrientationLandscapeRight";
				INFOPLIST_KEY_UISupportedInterfaceOrientations_iPhone = "UIInterfaceOrientationPortrait UIInterfaceOrientationLandscapeLeft UIInterfaceOrientationLandscapeRight";
				IPHONEOS_DEPLOYMENT_TARGET = 15.4;
				LD_RUNPATH_SEARCH_PATHS = (
					"$(inherited)",
					"@executable_path/Frameworks",
				);
				MARKETING_VERSION = 1.0;
				PRODUCT_BUNDLE_IDENTIFIER = fixit.FixIT;
				PRODUCT_NAME = "$(TARGET_NAME)";
				SWIFT_EMIT_LOC_STRINGS = YES;
				SWIFT_VERSION = 5.0;
				TARGETED_DEVICE_FAMILY = "1,2";
			};
			name = Release;
		};
		C574E1A927F1164D00ED842C /* Debug */ = {
			isa = XCBuildConfiguration;
			buildSettings = {
				ALWAYS_EMBED_SWIFT_STANDARD_LIBRARIES = YES;
				BUNDLE_LOADER = "$(TEST_HOST)";
				CODE_SIGN_STYLE = Automatic;
				CURRENT_PROJECT_VERSION = 1;
				DEVELOPMENT_TEAM = 27KX9Z8496;
				GENERATE_INFOPLIST_FILE = YES;
				IPHONEOS_DEPLOYMENT_TARGET = 15.4;
				MARKETING_VERSION = 1.0;
				PRODUCT_BUNDLE_IDENTIFIER = fixit.FixITTests;
				PRODUCT_NAME = "$(TARGET_NAME)";
				SWIFT_EMIT_LOC_STRINGS = NO;
				SWIFT_VERSION = 5.0;
				TARGETED_DEVICE_FAMILY = "1,2";
				TEST_HOST = "$(BUILT_PRODUCTS_DIR)/FixIT.app/FixIT";
			};
			name = Debug;
		};
		C574E1AA27F1164D00ED842C /* Release */ = {
			isa = XCBuildConfiguration;
			buildSettings = {
				ALWAYS_EMBED_SWIFT_STANDARD_LIBRARIES = YES;
				BUNDLE_LOADER = "$(TEST_HOST)";
				CODE_SIGN_STYLE = Automatic;
				CURRENT_PROJECT_VERSION = 1;
				DEVELOPMENT_TEAM = 27KX9Z8496;
				GENERATE_INFOPLIST_FILE = YES;
				IPHONEOS_DEPLOYMENT_TARGET = 15.4;
				MARKETING_VERSION = 1.0;
				PRODUCT_BUNDLE_IDENTIFIER = fixit.FixITTests;
				PRODUCT_NAME = "$(TARGET_NAME)";
				SWIFT_EMIT_LOC_STRINGS = NO;
				SWIFT_VERSION = 5.0;
				TARGETED_DEVICE_FAMILY = "1,2";
				TEST_HOST = "$(BUILT_PRODUCTS_DIR)/FixIT.app/FixIT";
			};
			name = Release;
		};
		C574E1AC27F1164D00ED842C /* Debug */ = {
			isa = XCBuildConfiguration;
			buildSettings = {
				ALWAYS_EMBED_SWIFT_STANDARD_LIBRARIES = YES;
				CODE_SIGN_STYLE = Automatic;
				CURRENT_PROJECT_VERSION = 1;
				DEVELOPMENT_TEAM = 27KX9Z8496;
				GENERATE_INFOPLIST_FILE = YES;
				MARKETING_VERSION = 1.0;
				PRODUCT_BUNDLE_IDENTIFIER = fixit.FixITUITests;
				PRODUCT_NAME = "$(TARGET_NAME)";
				SWIFT_EMIT_LOC_STRINGS = NO;
				SWIFT_VERSION = 5.0;
				TARGETED_DEVICE_FAMILY = "1,2";
				TEST_TARGET_NAME = FixIT;
			};
			name = Debug;
		};
		C574E1AD27F1164D00ED842C /* Release */ = {
			isa = XCBuildConfiguration;
			buildSettings = {
				ALWAYS_EMBED_SWIFT_STANDARD_LIBRARIES = YES;
				CODE_SIGN_STYLE = Automatic;
				CURRENT_PROJECT_VERSION = 1;
				DEVELOPMENT_TEAM = 27KX9Z8496;
				GENERATE_INFOPLIST_FILE = YES;
				MARKETING_VERSION = 1.0;
				PRODUCT_BUNDLE_IDENTIFIER = fixit.FixITUITests;
				PRODUCT_NAME = "$(TARGET_NAME)";
				SWIFT_EMIT_LOC_STRINGS = NO;
				SWIFT_VERSION = 5.0;
				TARGETED_DEVICE_FAMILY = "1,2";
				TEST_TARGET_NAME = FixIT;
			};
			name = Release;
		};
/* End XCBuildConfiguration section */

/* Begin XCConfigurationList section */
		C574E17627F1164D00ED842C /* Build configuration list for PBXProject "FixIT" */ = {
			isa = XCConfigurationList;
			buildConfigurations = (
				C574E1A327F1164D00ED842C /* Debug */,
				C574E1A427F1164D00ED842C /* Release */,
			);
			defaultConfigurationIsVisible = 0;
			defaultConfigurationName = Release;
		};
		C574E1A527F1164D00ED842C /* Build configuration list for PBXNativeTarget "FixIT" */ = {
			isa = XCConfigurationList;
			buildConfigurations = (
				C574E1A627F1164D00ED842C /* Debug */,
				C574E1A727F1164D00ED842C /* Release */,
			);
			defaultConfigurationIsVisible = 0;
			defaultConfigurationName = Release;
		};
		C574E1A827F1164D00ED842C /* Build configuration list for PBXNativeTarget "FixITTests" */ = {
			isa = XCConfigurationList;
			buildConfigurations = (
				C574E1A927F1164D00ED842C /* Debug */,
				C574E1AA27F1164D00ED842C /* Release */,
			);
			defaultConfigurationIsVisible = 0;
			defaultConfigurationName = Release;
		};
		C574E1AB27F1164D00ED842C /* Build configuration list for PBXNativeTarget "FixITUITests" */ = {
			isa = XCConfigurationList;
			buildConfigurations = (
				C574E1AC27F1164D00ED842C /* Debug */,
				C574E1AD27F1164D00ED842C /* Release */,
			);
			defaultConfigurationIsVisible = 0;
			defaultConfigurationName = Release;
		};
/* End XCConfigurationList section */

/* Begin XCRemoteSwiftPackageReference section */
		C5C6E5EC27F3E04F0001BB9F /* XCRemoteSwiftPackageReference "firebase-ios-sdk" */ = {
			isa = XCRemoteSwiftPackageReference;
			repositoryURL = "https://github.com/firebase/firebase-ios-sdk";
			requirement = {
				kind = upToNextMajorVersion;
				minimumVersion = 8.0.0;
			};
		};
/* End XCRemoteSwiftPackageReference section */

/* Begin XCSwiftPackageProductDependency section */
		C5C6E5ED27F3E04F0001BB9F /* FirebaseAnalytics */ = {
			isa = XCSwiftPackageProductDependency;
			package = C5C6E5EC27F3E04F0001BB9F /* XCRemoteSwiftPackageReference "firebase-ios-sdk" */;
			productName = FirebaseAnalytics;
		};
		C5C6E5EF27F3E04F0001BB9F /* FirebaseAuth */ = {
			isa = XCSwiftPackageProductDependency;
			package = C5C6E5EC27F3E04F0001BB9F /* XCRemoteSwiftPackageReference "firebase-ios-sdk" */;
			productName = FirebaseAuth;
		};
		C5C6E5F127F3E04F0001BB9F /* FirebaseCrashlytics */ = {
			isa = XCSwiftPackageProductDependency;
			package = C5C6E5EC27F3E04F0001BB9F /* XCRemoteSwiftPackageReference "firebase-ios-sdk" */;
			productName = FirebaseCrashlytics;
		};
		C5C6E5F327F3E04F0001BB9F /* FirebaseMessaging */ = {
			isa = XCSwiftPackageProductDependency;
			package = C5C6E5EC27F3E04F0001BB9F /* XCRemoteSwiftPackageReference "firebase-ios-sdk" */;
			productName = FirebaseMessaging;
		};
/* End XCSwiftPackageProductDependency section */
	};
	rootObject = C574E17327F1164D00ED842C /* Project object */;
}
